
Microsoft Visual Studio Solution File, Format Version 12.00
# Visual Studio Version 17
VisualStudioVersion = 17.14.36811.4
MinimumVisualStudioVersion = 10.0.40219.1
Project("{FAE04EC0-301F-11D3-BF4B-00C04F79EFBC}") = "Machine.Core", "Machine.Core\Machine.Core.csproj", "{AE2E3078-AB66-AC33-0B51-997A361C5C61}"
EndProject
Project("{FAE04EC0-301F-11D3-BF4B-00C04F79EFBC}") = "Slot_Inspection", "Slot_Inspection\Slot_Inspection.csproj", "{ECF6544A-214A-683A-469E-4EB2FBF187C7}"
EndProject
Project("{FAE04EC0-301F-11D3-BF4B-00C04F79EFBC}") = "BarcodeReader", "BarcodeReader\BarcodeReader.csproj", "{E7DD46D0-9B2D-4EAC-9444-47AB750629E9}"
EndProject
Project("{FAE04EC0-301F-11D3-BF4B-00C04F79EFBC}") = "PLC_IO", "PLC_IO\PLC_IO.csproj", "{00C6ED48-05C2-4E59-935C-10169B1AA8EF}"
EndProject
Project("{FAE04EC0-301F-11D3-BF4B-00C04F79EFBC}") = "TestALG", "TestALG\TestALG\TestALG.csproj", "{A5E5D561-5175-4F7D-B3AE-A532D76A00D7}"
EndProject
Project("{FAE04EC0-301F-11D3-BF4B-00C04F79EFBC}") = "CameraLightTest", "CameraLightTest\CameraLightTest.csproj", "{B3629939-AA02-4DD2-98BD-ABB930200BA0}"
EndProject
Global
	GlobalSection(SolutionConfigurationPlatforms) = preSolution
		Debug|Any CPU = Debug|Any CPU
		Debug|x64 = Debug|x64
		Debug|x86 = Debug|x86
		Debug-Sim|Any CPU = Debug-Sim|Any CPU
		Debug-Sim|x64 = Debug-Sim|x64
		Debug-Sim|x86 = Debug-Sim|x86
		Release|Any CPU = Release|Any CPU
		Release|x64 = Release|x64
		Release|x86 = Release|x86
	EndGlobalSection
	GlobalSection(ProjectConfigurationPlatforms) = postSolution
		{AE2E3078-AB66-AC33-0B51-997A361C5C61}.Debug|Any CPU.ActiveCfg = Debug|Any CPU
		{AE2E3078-AB66-AC33-0B51-997A361C5C61}.Debug|Any CPU.Build.0 = Debug|Any CPU
		{AE2E3078-AB66-AC33-0B51-997A361C5C61}.Debug|x64.ActiveCfg = Debug|x64
		{AE2E3078-AB66-AC33-0B51-997A361C5C61}.Debug|x64.Build.0 = Debug|x64
		{AE2E3078-AB66-AC33-0B51-997A361C5C61}.Debug|x86.ActiveCfg = Debug|x86
		{AE2E3078-AB66-AC33-0B51-997A361C5C61}.Debug|x86.Build.0 = Debug|x86
		{AE2E3078-AB66-AC33-0B51-997A361C5C61}.Debug-Sim|Any CPU.ActiveCfg = Debug-Sim|Any CPU
		{AE2E3078-AB66-AC33-0B51-997A361C5C61}.Debug-Sim|Any CPU.Build.0 = Debug-Sim|Any CPU
		{AE2E3078-AB66-AC33-0B51-997A361C5C61}.Debug-Sim|x64.ActiveCfg = Debug-Sim|x64
		{AE2E3078-AB66-AC33-0B51-997A361C5C61}.Debug-Sim|x64.Build.0 = Debug-Sim|x64
		{AE2E3078-AB66-AC33-0B51-997A361C5C61}.Debug-Sim|x86.ActiveCfg = Debug-Sim|x86
		{AE2E3078-AB66-AC33-0B51-997A361C5C61}.Debug-Sim|x86.Build.0 = Debug-Sim|x86
		{AE2E3078-AB66-AC33-0B51-997A361C5C61}.Release|Any CPU.ActiveCfg = Release|Any CPU
		{AE2E3078-AB66-AC33-0B51-997A361C5C61}.Release|Any CPU.Build.0 = Release|Any CPU
		{AE2E3078-AB66-AC33-0B51-997A361C5C61}.Release|x64.ActiveCfg = Release|x64
		{AE2E3078-AB66-AC33-0B51-997A361C5C61}.Release|x64.Build.0 = Release|x64
		{AE2E3078-AB66-AC33-0B51-997A361C5C61}.Release|x86.ActiveCfg = Release|x86
		{AE2E3078-AB66-AC33-0B51-997A361C5C61}.Release|x86.Build.0 = Release|x86
		{ECF6544A-214A-683A-469E-4EB2FBF187C7}.Debug|Any CPU.ActiveCfg = Debug|Any CPU
		{ECF6544A-214A-683A-469E-4EB2FBF187C7}.Debug|Any CPU.Build.0 = Debug|Any CPU
		{ECF6544A-214A-683A-469E-4EB2FBF187C7}.Debug|x64.ActiveCfg = Debug|x64
		{ECF6544A-214A-683A-469E-4EB2FBF187C7}.Debug|x64.Build.0 = Debug|x64
		{ECF6544A-214A-683A-469E-4EB2FBF187C7}.Debug|x86.ActiveCfg = Debug|x86
		{ECF6544A-214A-683A-469E-4EB2FBF187C7}.Debug|x86.Build.0 = Debug|x86
		{ECF6544A-214A-683A-469E-4EB2FBF187C7}.Debug-Sim|Any CPU.ActiveCfg = Debug|Any CPU
		{ECF6544A-214A-683A-469E-4EB2FBF187C7}.Debug-Sim|Any CPU.Build.0 = Debug|Any CPU
		{ECF6544A-214A-683A-469E-4EB2FBF187C7}.Debug-Sim|x64.ActiveCfg = Debug|x64
		{ECF6544A-214A-683A-469E-4EB2FBF187C7}.Debug-Sim|x64.Build.0 = Debug|x64
		{ECF6544A-214A-683A-469E-4EB2FBF187C7}.Debug-Sim|x86.ActiveCfg = Debug|x86
		{ECF6544A-214A-683A-469E-4EB2FBF187C7}.Debug-Sim|x86.Build.0 = Debug|x86
		{ECF6544A-214A-683A-469E-4EB2FBF187C7}.Release|Any CPU.ActiveCfg = Release|Any CPU
		{ECF6544A-214A-683A-469E-4EB2FBF187C7}.Release|Any CPU.Build.0 = Release|Any CPU
		{ECF6544A-214A-683A-469E-4EB2FBF187C7}.Release|x64.ActiveCfg = Release|x64
		{ECF6544A-214A-683A-469E-4EB2FBF187C7}.Release|x64.Build.0 = Release|x64
		{ECF6544A-214A-683A-469E-4EB2FBF187C7}.Release|x86.ActiveCfg = Release|x86
		{ECF6544A-214A-683A-469E-4EB2FBF187C7}.Release|x86.Build.0 = Release|x86
		{E7DD46D0-9B2D-4EAC-9444-47AB750629E9}.Debug|Any CPU.ActiveCfg = Debug|Any CPU
		{E7DD46D0-9B2D-4EAC-9444-47AB750629E9}.Debug|Any CPU.Build.0 = Debug|Any CPU
		{E7DD46D0-9B2D-4EAC-9444-47AB750629E9}.Debug|x64.ActiveCfg = Debug|x64
		{E7DD46D0-9B2D-4EAC-9444-47AB750629E9}.Debug|x64.Build.0 = Debug|x64
		{E7DD46D0-9B2D-4EAC-9444-47AB750629E9}.Debug|x86.ActiveCfg = Debug|x86
		{E7DD46D0-9B2D-4EAC-9444-47AB750629E9}.Debug|x86.Build.0 = Debug|x86
		{E7DD46D0-9B2D-4EAC-9444-47AB750629E9}.Debug-Sim|Any CPU.ActiveCfg = Debug|Any CPU
		{E7DD46D0-9B2D-4EAC-9444-47AB750629E9}.Debug-Sim|Any CPU.Build.0 = Debug|Any CPU
		{E7DD46D0-9B2D-4EAC-9444-47AB750629E9}.Debug-Sim|x64.ActiveCfg = Debug|x64
		{E7DD46D0-9B2D-4EAC-9444-47AB750629E9}.Debug-Sim|x64.Build.0 = Debug|x64
		{E7DD46D0-9B2D-4EAC-9444-47AB750629E9}.Debug-Sim|x86.ActiveCfg = Debug|x86
		{E7DD46D0-9B2D-4EAC-9444-47AB750629E9}.Debug-Sim|x86.Build.0 = Debug|x86
		{E7DD46D0-9B2D-4EAC-9444-47AB750629E9}.Release|Any CPU.ActiveCfg = Release|Any CPU
		{E7DD46D0-9B2D-4EAC-9444-47AB750629E9}.Release|Any CPU.Build.0 = Release|Any CPU
		{E7DD46D0-9B2D-4EAC-9444-47AB750629E9}.Release|x64.ActiveCfg = Release|x64
		{E7DD46D0-9B2D-4EAC-9444-47AB750629E9}.Release|x64.Build.0 = Release|x64
		{E7DD46D0-9B2D-4EAC-9444-47AB750629E9}.Release|x86.ActiveCfg = Release|x86
		{E7DD46D0-9B2D-4EAC-9444-47AB750629E9}.Release|x86.Build.0 = Release|x86
		{00C6ED48-05C2-4E59-935C-10169B1AA8EF}.Debug|Any CPU.ActiveCfg = Debug|Any CPU
		{00C6ED48-05C2-4E59-935C-10169B1AA8EF}.Debug|Any CPU.Build.0 = Debug|Any CPU
		{00C6ED48-05C2-4E59-935C-10169B1AA8EF}.Debug|x64.ActiveCfg = Debug|Any CPU
		{00C6ED48-05C2-4E59-935C-10169B1AA8EF}.Debug|x64.Build.0 = Debug|Any CPU
		{00C6ED48-05C2-4E59-935C-10169B1AA8EF}.Debug|x86.ActiveCfg = Debug|Any CPU
		{00C6ED48-05C2-4E59-935C-10169B1AA8EF}.Debug|x86.Build.0 = Debug|Any CPU
		{00C6ED48-05C2-4E59-935C-10169B1AA8EF}.Debug-Sim|Any CPU.ActiveCfg = Debug|Any CPU
		{00C6ED48-05C2-4E59-935C-10169B1AA8EF}.Debug-Sim|Any CPU.Build.0 = Debug|Any CPU
		{00C6ED48-05C2-4E59-935C-10169B1AA8EF}.Debug-Sim|x64.ActiveCfg = Debug|Any CPU
		{00C6ED48-05C2-4E59-935C-10169B1AA8EF}.Debug-Sim|x64.Build.0 = Debug|Any CPU
		{00C6ED48-05C2-4E59-935C-10169B1AA8EF}.Debug-Sim|x86.ActiveCfg = Debug|Any CPU
		{00C6ED48-05C2-4E59-935C-10169B1AA8EF}.Debug-Sim|x86.Build.0 = Debug|Any CPU
		{00C6ED48-05C2-4E59-935C-10169B1AA8EF}.Release|Any CPU.ActiveCfg = Release|Any CPU
		{00C6ED48-05C2-4E59-935C-10169B1AA8EF}.Release|Any CPU.Build.0 = Release|Any CPU
		{00C6ED48-05C2-4E59-935C-10169B1AA8EF}.Release|x64.ActiveCfg = Release|Any CPU
		{00C6ED48-05C2-4E59-935C-10169B1AA8EF}.Release|x64.Build.0 = Release|Any CPU
		{00C6ED48-05C2-4E59-935C-10169B1AA8EF}.Release|x86.ActiveCfg = Release|Any CPU
		{00C6ED48-05C2-4E59-935C-10169B1AA8EF}.Release|x86.Build.0 = Release|Any CPU
		{A5E5D561-5175-4F7D-B3AE-A532D76A00D7}.Debug|Any CPU.ActiveCfg = Debug|Any CPU
		{A5E5D561-5175-4F7D-B3AE-A532D76A00D7}.Debug|Any CPU.Build.0 = Debug|Any CPU
		{A5E5D561-5175-4F7D-B3AE-A532D76A00D7}.Debug|x64.ActiveCfg = Debug|x64
		{A5E5D561-5175-4F7D-B3AE-A532D76A00D7}.Debug|x64.Build.0 = Debug|x64
		{A5E5D561-5175-4F7D-B3AE-A532D76A00D7}.Debug|x86.ActiveCfg = Debug|Any CPU
		{A5E5D561-5175-4F7D-B3AE-A532D76A00D7}.Debug|x86.Build.0 = Debug|Any CPU
		{A5E5D561-5175-4F7D-B3AE-A532D76A00D7}.Debug-Sim|Any CPU.ActiveCfg = Debug|Any CPU
		{A5E5D561-5175-4F7D-B3AE-A532D76A00D7}.Debug-Sim|Any CPU.Build.0 = Debug|Any CPU
		{A5E5D561-5175-4F7D-B3AE-A532D76A00D7}.Debug-Sim|x64.ActiveCfg = Debug|x64
		{A5E5D561-5175-4F7D-B3AE-A532D76A00D7}.Debug-Sim|x64.Build.0 = Debug|x64
		{A5E5D561-5175-4F7D-B3AE-A532D76A00D7}.Debug-Sim|x86.ActiveCfg = Debug|Any CPU
		{A5E5D561-5175-4F7D-B3AE-A532D76A00D7}.Debug-Sim|x86.Build.0 = Debug|Any CPU
		{A5E5D561-5175-4F7D-B3AE-A532D76A00D7}.Release|Any CPU.ActiveCfg = Release|Any CPU
		{A5E5D561-5175-4F7D-B3AE-A532D76A00D7}.Release|Any CPU.Build.0 = Release|Any CPU
		{A5E5D561-5175-4F7D-B3AE-A532D76A00D7}.Release|x64.ActiveCfg = Release|x64
		{A5E5D561-5175-4F7D-B3AE-A532D76A00D7}.Release|x64.Build.0 = Release|x64
		{A5E5D561-5175-4F7D-B3AE-A532D76A00D7}.Release|x86.ActiveCfg = Release|Any CPU
		{A5E5D561-5175-4F7D-B3AE-A532D76A00D7}.Release|x86.Build.0 = Release|Any CPU
		{B3629939-AA02-4DD2-98BD-ABB930200BA0}.Debug|Any CPU.ActiveCfg = Debug|Any CPU
		{B3629939-AA02-4DD2-98BD-ABB930200BA0}.Debug|Any CPU.Build.0 = Debug|Any CPU
		{B3629939-AA02-4DD2-98BD-ABB930200BA0}.Debug|x64.ActiveCfg = Debug|Any CPU
		{B3629939-AA02-4DD2-98BD-ABB930200BA0}.Debug|x64.Build.0 = Debug|Any CPU
		{B3629939-AA02-4DD2-98BD-ABB930200BA0}.Debug|x86.ActiveCfg = Debug|Any CPU
		{B3629939-AA02-4DD2-98BD-ABB930200BA0}.Debug|x86.Build.0 = Debug|Any CPU
		{B3629939-AA02-4DD2-98BD-ABB930200BA0}.Debug-Sim|Any CPU.ActiveCfg = Debug|Any CPU
		{B3629939-AA02-4DD2-98BD-ABB930200BA0}.Debug-Sim|Any CPU.Build.0 = Debug|Any CPU
		{B3629939-AA02-4DD2-98BD-ABB930200BA0}.Debug-Sim|x64.ActiveCfg = Debug|Any CPU
		{B3629939-AA02-4DD2-98BD-ABB930200BA0}.Debug-Sim|x64.Build.0 = Debug|Any CPU
		{B3629939-AA02-4DD2-98BD-ABB930200BA0}.Debug-Sim|x86.ActiveCfg = Debug|Any CPU
		{B3629939-AA02-4DD2-98BD-ABB930200BA0}.Debug-Sim|x86.Build.0 = Debug|Any CPU
		{B3629939-AA02-4DD2-98BD-ABB930200BA0}.Release|Any CPU.ActiveCfg = Release|Any CPU
		{B3629939-AA02-4DD2-98BD-ABB930200BA0}.Release|Any CPU.Build.0 = Release|Any CPU
		{B3629939-AA02-4DD2-98BD-ABB930200BA0}.Release|x64.ActiveCfg = Release|Any CPU
		{B3629939-AA02-4DD2-98BD-ABB930200BA0}.Release|x64.Build.0 = Release|Any CPU
		{B3629939-AA02-4DD2-98BD-ABB930200BA0}.Release|x86.ActiveCfg = Release|Any CPU
		{B3629939-AA02-4DD2-98BD-ABB930200BA0}.Release|x86.Build.0 = Release|Any CPU
	EndGlobalSection
	GlobalSection(SolutionProperties) = preSolution
		HideSolutionNode = FALSE
	EndGlobalSection
	GlobalSection(ExtensibilityGlobals) = postSolution
		SolutionGuid = {E50FC884-1524-4DA0-8565-2BC360BBA692}
	EndGlobalSection
EndGlobal
